Microsoft Visual Studio Solution File, Format Version 11.00
# Visual Studio 2010
Project("{2150E333-8FDC-42A3-9474-1A3956D46DE8}") = "Solution Items", "Solution Items", "{175233A9-231D-4490-91BD-E8D5C1951337}"
	ProjectSection(SolutionItems) = preProject
		readme.txt = readme.txt
	EndProjectSection
EndProject
Project("{FAE04EC0-301F-11D3-BF4B-00C04F79EFBC}") = "Core", "Core\Core.csproj", "{F098D3BF-9DF7-4238-BF89-502542915DCD}"
EndProject
Project("{FAE04EC0-301F-11D3-BF4B-00C04F79EFBC}") = "Orbit", "Orbit\Orbit.csproj", "{97E619A8-1FFE-4481-A642-50834DEA741A}"
EndProject
Global
	GlobalSection(SolutionConfigurationPlatforms) = preSolution
		Debug|Any CPU = Debug|Any CPU
		Release|Any CPU = Release|Any CPU
	EndGlobalSection
	GlobalSection(ProjectConfigurationPlatforms) = postSolution
		{F098D3BF-9DF7-4238-BF89-502542915DCD}.Debug|Any CPU.ActiveCfg = Debug|Any CPU
		{F098D3BF-9DF7-4238-BF89-502542915DCD}.Debug|Any CPU.Build.0 = Debug|Any CPU
		{F098D3BF-9DF7-4238-BF89-502542915DCD}.Release|Any CPU.ActiveCfg = Release|Any CPU
		{F098D3BF-9DF7-4238-BF89-502542915DCD}.Release|Any CPU.Build.0 = Release|Any CPU
		{97E619A8-1FFE-4481-A642-50834DEA741A}.Debug|Any CPU.ActiveCfg = Debug|Any CPU
		{97E619A8-1FFE-4481-A642-50834DEA741A}.Debug|Any CPU.Build.0 = Debug|Any CPU
		{97E619A8-1FFE-4481-A642-50834DEA741A}.Release|Any CPU.ActiveCfg = Release|Any CPU
		{97E619A8-1FFE-4481-A642-50834DEA741A}.Release|Any CPU.Build.0 = Release|Any CPU
	EndGlobalSection
	GlobalSection(SolutionProperties) = preSolution
		HideSolutionNode = FALSE
	EndGlobalSection
EndGlobal
